// !$*UTF8*$!
{
	archiveVersion = 1;
	classes = {
	};
	objectVersion = 51;
	objects = {

/* Begin PBXBuildFile section */
		2A3982CA75B259E373F0B44E /* Pods_VeoRideTest.framework in Frameworks */ = {isa = PBXBuildFile; fileRef = 9506B0FAE3A2BC0EE15E36BA /* Pods_VeoRideTest.framework */; };
		72985F3B23FED01F00002780 /* VRImageTool.swift in Sources */ = {isa = PBXBuildFile; fileRef = 72985F3A23FED01F00002780 /* VRImageTool.swift */; };
		72985F3D23FED2C900002780 /* VRExtensionColor.swift in Sources */ = {isa = PBXBuildFile; fileRef = 72985F3C23FED2C900002780 /* VRExtensionColor.swift */; };
		72985F3F23FEDD9800002780 /* MapKit.framework in Frameworks */ = {isa = PBXBuildFile; fileRef = 72985F3E23FEDD9800002780 /* MapKit.framework */; };
		72985F4123FFFFE100002780 /* VRTripSummaryViewController.swift in Sources */ = {isa = PBXBuildFile; fileRef = 72985F4023FFFFE100002780 /* VRTripSummaryViewController.swift */; };
		72D88F7023FD09E400726418 /* AppDelegate.swift in Sources */ = {isa = PBXBuildFile; fileRef = 72D88F6F23FD09E400726418 /* AppDelegate.swift */; };
		72D88F7223FD09E400726418 /* SceneDelegate.swift in Sources */ = {isa = PBXBuildFile; fileRef = 72D88F7123FD09E400726418 /* SceneDelegate.swift */; };
		72D88F7723FD09E400726418 /* Main.storyboard in Resources */ = {isa = PBXBuildFile; fileRef = 72D88F7523FD09E400726418 /* Main.storyboard */; };
		72D88F7923FD09E500726418 /* Assets.xcassets in Resources */ = {isa = PBXBuildFile; fileRef = 72D88F7823FD09E500726418 /* Assets.xcassets */; };
		72D88F7C23FD09E500726418 /* LaunchScreen.storyboard in Resources */ = {isa = PBXBuildFile; fileRef = 72D88F7A23FD09E500726418 /* LaunchScreen.storyboard */; };
		72F48CE423FD2D5400462137 /* VRHomeViewController.swift in Sources */ = {isa = PBXBuildFile; fileRef = 72F48CE323FD2D5400462137 /* VRHomeViewController.swift */; };
		72F48CE623FD32DE00462137 /* VRPrefixHeader.swift in Sources */ = {isa = PBXBuildFile; fileRef = 72F48CE523FD32DE00462137 /* VRPrefixHeader.swift */; };
		72F48CE923FD80F000462137 /* VRLocationManager.swift in Sources */ = {isa = PBXBuildFile; fileRef = 72F48CE823FD80F000462137 /* VRLocationManager.swift */; };
		72F48CEC23FE40C600462137 /* VRViewTool.swift in Sources */ = {isa = PBXBuildFile; fileRef = 72F48CEB23FE40C600462137 /* VRViewTool.swift */; };
/* End PBXBuildFile section */

/* Begin PBXFileReference section */
		642413AE459389DD35F537A5 /* Pods-VeoRideTest.release.xcconfig */ = {isa = PBXFileReference; includeInIndex = 1; lastKnownFileType = text.xcconfig; name = "Pods-VeoRideTest.release.xcconfig"; path = "Target Support Files/Pods-VeoRideTest/Pods-VeoRideTest.release.xcconfig"; sourceTree = "<group>"; };
		6A47012D07F0AFF2E760BE3B /* Pods-VeoRideTest.debug.xcconfig */ = {isa = PBXFileReference; includeInIndex = 1; lastKnownFileType = text.xcconfig; name = "Pods-VeoRideTest.debug.xcconfig"; path = "Target Support Files/Pods-VeoRideTest/Pods-VeoRideTest.debug.xcconfig"; sourceTree = "<group>"; };
		72985F3A23FED01F00002780 /* VRImageTool.swift */ = {isa = PBXFileReference; lastKnownFileType = sourcecode.swift; path = VRImageTool.swift; sourceTree = "<group>"; };
		72985F3C23FED2C900002780 /* VRExtensionColor.swift */ = {isa = PBXFileReference; lastKnownFileType = sourcecode.swift; path = VRExtensionColor.swift; sourceTree = "<group>"; };
		72985F3E23FEDD9800002780 /* MapKit.framework */ = {isa = PBXFileReference; lastKnownFileType = wrapper.framework; name = MapKit.framework; path = System/Library/Frameworks/MapKit.framework; sourceTree = SDKROOT; };
		72985F4023FFFFE100002780 /* VRTripSummaryViewController.swift */ = {isa = PBXFileReference; lastKnownFileType = sourcecode.swift; path = VRTripSummaryViewController.swift; sourceTree = "<group>"; };
		72D88F6C23FD09E400726418 /* VeoRideTest.app */ = {isa = PBXFileReference; explicitFileType = wrapper.application; includeInIndex = 0; path = VeoRideTest.app; sourceTree = BUILT_PRODUCTS_DIR; };
		72D88F6F23FD09E400726418 /* AppDelegate.swift */ = {isa = PBXFileReference; lastKnownFileType = sourcecode.swift; path = AppDelegate.swift; sourceTree = "<group>"; };
		72D88F7123FD09E400726418 /* SceneDelegate.swift */ = {isa = PBXFileReference; lastKnownFileType = sourcecode.swift; path = SceneDelegate.swift; sourceTree = "<group>"; };
		72D88F7623FD09E400726418 /* Base */ = {isa = PBXFileReference; lastKnownFileType = file.storyboard; name = Base; path = Base.lproj/Main.storyboard; sourceTree = "<group>"; };
		72D88F7823FD09E500726418 /* Assets.xcassets */ = {isa = PBXFileReference; lastKnownFileType = folder.assetcatalog; path = Assets.xcassets; sourceTree = "<group>"; };
		72D88F7B23FD09E500726418 /* Base */ = {isa = PBXFileReference; lastKnownFileType = file.storyboard; name = Base; path = Base.lproj/LaunchScreen.storyboard; sourceTree = "<group>"; };
		72D88F7D23FD09E500726418 /* Info.plist */ = {isa = PBXFileReference; lastKnownFileType = text.plist.xml; path = Info.plist; sourceTree = "<group>"; };
		72F48CE323FD2D5400462137 /* VRHomeViewController.swift */ = {isa = PBXFileReference; lastKnownFileType = sourcecode.swift; path = VRHomeViewController.swift; sourceTree = "<group>"; };
		72F48CE523FD32DE00462137 /* VRPrefixHeader.swift */ = {isa = PBXFileReference; lastKnownFileType = sourcecode.swift; path = VRPrefixHeader.swift; sourceTree = "<group>"; };
		72F48CE823FD80F000462137 /* VRLocationManager.swift */ = {isa = PBXFileReference; lastKnownFileType = sourcecode.swift; path = VRLocationManager.swift; sourceTree = "<group>"; };
		72F48CEB23FE40C600462137 /* VRViewTool.swift */ = {isa = PBXFileReference; lastKnownFileType = sourcecode.swift; path = VRViewTool.swift; sourceTree = "<group>"; };
		9506B0FAE3A2BC0EE15E36BA /* Pods_VeoRideTest.framework */ = {isa = PBXFileReference; explicitFileType = wrapper.framework; includeInIndex = 0; path = Pods_VeoRideTest.framework; sourceTree = BUILT_PRODUCTS_DIR; };
/* End PBXFileReference section */

/* Begin PBXFrameworksBuildPhase section */
		72D88F6923FD09E400726418 /* Frameworks */ = {
			isa = PBXFrameworksBuildPhase;
			buildActionMask = 2147483647;
			files = (
				72985F3F23FEDD9800002780 /* MapKit.framework in Frameworks */,
				2A3982CA75B259E373F0B44E /* Pods_VeoRideTest.framework in Frameworks */,
			);
			runOnlyForDeploymentPostprocessing = 0;
		};
/* End PBXFrameworksBuildPhase section */

/* Begin PBXGroup section */
		3C84EFA745DA96599DE90F0C /* Frameworks */ = {
			isa = PBXGroup;
			children = (
				72985F3E23FEDD9800002780 /* MapKit.framework */,
				9506B0FAE3A2BC0EE15E36BA /* Pods_VeoRideTest.framework */,
			);
			name = Frameworks;
			sourceTree = "<group>";
		};
		72D88F6323FD09E400726418 = {
			isa = PBXGroup;
			children = (
				72D88F6E23FD09E400726418 /* VeoRideTest */,
				72D88F6D23FD09E400726418 /* Products */,
				FE95B64BCE33E2BD23906D4F /* Pods */,
				3C84EFA745DA96599DE90F0C /* Frameworks */,
			);
			sourceTree = "<group>";
		};
		72D88F6D23FD09E400726418 /* Products */ = {
			isa = PBXGroup;
			children = (
				72D88F6C23FD09E400726418 /* VeoRideTest.app */,
			);
			name = Products;
			sourceTree = "<group>";
		};
		72D88F6E23FD09E400726418 /* VeoRideTest */ = {
			isa = PBXGroup;
			children = (
				72D88F6F23FD09E400726418 /* AppDelegate.swift */,
				72D88F7123FD09E400726418 /* SceneDelegate.swift */,
				72F48CE523FD32DE00462137 /* VRPrefixHeader.swift */,
				72F48CEA23FE40AA00462137 /* Tools */,
				72F48CE723FD80B100462137 /* Singletons */,
				72F48CE223FD2CDC00462137 /* ViewControllers */,
				72F48CE123FD2CD400462137 /* Views */,
				72D88F7523FD09E400726418 /* Main.storyboard */,
				72D88F7823FD09E500726418 /* Assets.xcassets */,
				72D88F7A23FD09E500726418 /* LaunchScreen.storyboard */,
				72D88F7D23FD09E500726418 /* Info.plist */,
			);
			path = VeoRideTest;
			sourceTree = "<group>";
		};
		72F48CE123FD2CD400462137 /* Views */ = {
			isa = PBXGroup;
			children = (
			);
			path = Views;
			sourceTree = "<group>";
		};
		72F48CE223FD2CDC00462137 /* ViewControllers */ = {
			isa = PBXGroup;
			children = (
				72F48CE323FD2D5400462137 /* VRHomeViewController.swift */,
				72985F4023FFFFE100002780 /* VRTripSummaryViewController.swift */,
			);
			path = ViewControllers;
			sourceTree = "<group>";
		};
		72F48CE723FD80B100462137 /* Singletons */ = {
			isa = PBXGroup;
			children = (
				72F48CE823FD80F000462137 /* VRLocationManager.swift */,
			);
			path = Singletons;
			sourceTree = "<group>";
		};
		72F48CEA23FE40AA00462137 /* Tools */ = {
			isa = PBXGroup;
			children = (
				72F48CEB23FE40C600462137 /* VRViewTool.swift */,
				72985F3A23FED01F00002780 /* VRImageTool.swift */,
				72985F3C23FED2C900002780 /* VRExtensionColor.swift */,
			);
			path = Tools;
			sourceTree = "<group>";
		};
		FE95B64BCE33E2BD23906D4F /* Pods */ = {
			isa = PBXGroup;
			children = (
				6A47012D07F0AFF2E760BE3B /* Pods-VeoRideTest.debug.xcconfig */,
				642413AE459389DD35F537A5 /* Pods-VeoRideTest.release.xcconfig */,
			);
			path = Pods;
			sourceTree = "<group>";
		};
/* End PBXGroup section */

/* Begin PBXNativeTarget section */
		72D88F6B23FD09E400726418 /* VeoRideTest */ = {
			isa = PBXNativeTarget;
			buildConfigurationList = 72D88F8023FD09E500726418 /* Build configuration list for PBXNativeTarget "VeoRideTest" */;
			buildPhases = (
				769D2B9BC5D86C1FBDAE5768 /* [CP] Check Pods Manifest.lock */,
				72D88F6823FD09E400726418 /* Sources */,
				72D88F6923FD09E400726418 /* Frameworks */,
				72D88F6A23FD09E400726418 /* Resources */,
				A7891E76403EBC38A367BD65 /* [CP] Embed Pods Frameworks */,
			);
			buildRules = (
			);
			dependencies = (
			);
			name = VeoRideTest;
			productName = VeoRideTest;
			productReference = 72D88F6C23FD09E400726418 /* VeoRideTest.app */;
			productType = "com.apple.product-type.application";
		};
/* End PBXNativeTarget section */

/* Begin PBXProject section */
		72D88F6423FD09E400726418 /* Project object */ = {
			isa = PBXProject;
			attributes = {
				LastSwiftUpdateCheck = 1130;
				LastUpgradeCheck = 1130;
				ORGANIZATIONNAME = "ChuanLin Jiang";
				TargetAttributes = {
					72D88F6B23FD09E400726418 = {
						CreatedOnToolsVersion = 11.3.1;
					};
				};
			};
			buildConfigurationList = 72D88F6723FD09E400726418 /* Build configuration list for PBXProject "VeoRideTest" */;
			compatibilityVersion = "Xcode 9.3";
			developmentRegion = en;
			hasScannedForEncodings = 0;
			knownRegions = (
				en,
				Base,
			);
			mainGroup = 72D88F6323FD09E400726418;
			productRefGroup = 72D88F6D23FD09E400726418 /* Products */;
			projectDirPath = "";
			projectRoot = "";
			targets = (
				72D88F6B23FD09E400726418 /* VeoRideTest */,
			);
		};
/* End PBXProject section */

/* Begin PBXResourcesBuildPhase section */
		72D88F6A23FD09E400726418 /* Resources */ = {
			isa = PBXResourcesBuildPhase;
			buildActionMask = 2147483647;
			files = (
				72D88F7C23FD09E500726418 /* LaunchScreen.storyboard in Resources */,
				72D88F7923FD09E500726418 /* Assets.xcassets in Resources */,
				72D88F7723FD09E400726418 /* Main.storyboard in Resources */,
			);
			runOnlyForDeploymentPostprocessing = 0;
		};
/* End PBXResourcesBuildPhase section */

/* Begin PBXShellScriptBuildPhase section */
		769D2B9BC5D86C1FBDAE5768 /* [CP] Check Pods Manifest.lock */ = {
			isa = PBXShellScriptBuildPhase;
			buildActionMask = 2147483647;
			files = (
			);
			inputFileListPaths = (
			);
			inputPaths = (
				"${PODS_PODFILE_DIR_PATH}/Podfile.lock",
				"${PODS_ROOT}/Manifest.lock",
			);
			name = "[CP] Check Pods Manifest.lock";
			outputFileListPaths = (
			);
			outputPaths = (
				"$(DERIVED_FILE_DIR)/Pods-VeoRideTest-checkManifestLockResult.txt",
			);
			runOnlyForDeploymentPostprocessing = 0;
			shellPath = /bin/sh;
			shellScript = "diff \"${PODS_PODFILE_DIR_PATH}/Podfile.lock\" \"${PODS_ROOT}/Manifest.lock\" > /dev/null\nif [ $? != 0 ] ; then\n    # print error to STDERR\n    echo \"error: The sandbox is not in sync with the Podfile.lock. Run 'pod install' or update your CocoaPods installation.\" >&2\n    exit 1\nfi\n# This output is used by Xcode 'outputs' to avoid re-running this script phase.\necho \"SUCCESS\" > \"${SCRIPT_OUTPUT_FILE_0}\"\n";
			showEnvVarsInLog = 0;
		};
		A7891E76403EBC38A367BD65 /* [CP] Embed Pods Frameworks */ = {
			isa = PBXShellScriptBuildPhase;
			buildActionMask = 2147483647;
			files = (
			);
			inputFileListPaths = (
				"${PODS_ROOT}/Target Support Files/Pods-VeoRideTest/Pods-VeoRideTest-frameworks-${CONFIGURATION}-input-files.xcfilelist",
			);
			name = "[CP] Embed Pods Frameworks";
			outputFileListPaths = (
				"${PODS_ROOT}/Target Support Files/Pods-VeoRideTest/Pods-VeoRideTest-frameworks-${CONFIGURATION}-output-files.xcfilelist",
			);
			runOnlyForDeploymentPostprocessing = 0;
			shellPath = /bin/sh;
			shellScript = "\"${PODS_ROOT}/Target Support Files/Pods-VeoRideTest/Pods-VeoRideTest-frameworks.sh\"\n";
			showEnvVarsInLog = 0;
		};
/* End PBXShellScriptBuildPhase section */

/* Begin PBXSourcesBuildPhase section */
		72D88F6823FD09E400726418 /* Sources */ = {
			isa = PBXSourcesBuildPhase;
			buildActionMask = 2147483647;
			files = (
				72985F3B23FED01F00002780 /* VRImageTool.swift in Sources */,
				72F48CE423FD2D5400462137 /* VRHomeViewController.swift in Sources */,
				72D88F7023FD09E400726418 /* AppDelegate.swift in Sources */,
				72D88F7223FD09E400726418 /* SceneDelegate.swift in Sources */,
				72F48CEC23FE40C600462137 /* VRViewTool.swift in Sources */,
				72985F3D23FED2C900002780 /* VRExtensionColor.swift in Sources */,
				72F48CE923FD80F000462137 /* VRLocationManager.swift in Sources */,
				72F48CE623FD32DE00462137 /* VRPrefixHeader.swift in Sources */,
				72985F4123FFFFE100002780 /* VRTripSummaryViewController.swift in Sources */,
			);
			runOnlyForDeploymentPostprocessing = 0;
		};
/* End PBXSourcesBuildPhase section */

/* Begin PBXVariantGroup section */
		72D88F7523FD09E400726418 /* Main.storyboard */ = {
			isa = PBXVariantGroup;
			children = (
				72D88F7623FD09E400726418 /* Base */,
			);
			name = Main.storyboard;
			sourceTree = "<group>";
		};
		72D88F7A23FD09E500726418 /* LaunchScreen.storyboard */ = {
			isa = PBXVariantGroup;
			children = (
				72D88F7B23FD09E500726418 /* Base */,
			);
			name = LaunchScreen.storyboard;
			sourceTree = "<group>";
		};
/* End PBXVariantGroup section */

/* Begin XCBuildConfiguration section */
		72D88F7E23FD09E500726418 /* Debug */ = {
			isa = XCBuildConfiguration;
			buildSettings = {
				ALWAYS_SEARCH_USER_PATHS = NO;
				CLANG_ANALYZER_NONNULL = YES;
				CLANG_ANALYZER_NUMBER_OBJECT_CONVERSION = YES_AGGRESSIVE;
				CLANG_CXX_LANGUAGE_STANDARD = "gnu++14";
				CLANG_CXX_LIBRARY = "libc++";
				CLANG_ENABLE_MODULES = YES;
				CLANG_ENABLE_OBJC_ARC = YES;
				CLANG_ENABLE_OBJC_WEAK = YES;
				CLANG_WARN_BLOCK_CAPTURE_AUTORELEASING = YES;
				CLANG_WARN_BOOL_CONVERSION = YES;
				CLANG_WARN_COMMA = YES;
				CLANG_WARN_CONSTANT_CONVERSION = YES;
				CLANG_WARN_DEPRECATED_OBJC_IMPLEMENTATIONS = YES;
				CLANG_WARN_DIRECT_OBJC_ISA_USAGE = YES_ERROR;
				CLANG_WARN_DOCUMENTATION_COMMENTS = YES;
				CLANG_WARN_EMPTY_BODY = YES;
				CLANG_WARN_ENUM_CONVERSION = YES;
				CLANG_WARN_INFINITE_RECURSION = YES;
				CLANG_WARN_INT_CONVERSION = YES;
				CLANG_WARN_NON_LITERAL_NULL_CONVERSION = YES;
				CLANG_WARN_OBJC_IMPLICIT_RETAIN_SELF = YES;
				CLANG_WARN_OBJC_LITERAL_CONVERSION = YES;
				CLANG_WARN_OBJC_ROOT_CLASS = YES_ERROR;
				CLANG_WARN_RANGE_LOOP_ANALYSIS = YES;
				CLANG_WARN_STRICT_PROTOTYPES = YES;
				CLANG_WARN_SUSPICIOUS_MOVE = YES;
				CLANG_WARN_UNGUARDED_AVAILABILITY = YES_AGGRESSIVE;
				CLANG_WARN_UNREACHABLE_CODE = YES;
				CLANG_WARN__DUPLICATE_METHOD_MATCH = YES;
				COPY_PHASE_STRIP = NO;
				DEBUG_INFORMATION_FORMAT = dwarf;
				ENABLE_STRICT_OBJC_MSGSEND = YES;
				ENABLE_TESTABILITY = YES;
				GCC_C_LANGUAGE_STANDARD = gnu11;
				GCC_DYNAMIC_NO_PIC = NO;
				GCC_NO_COMMON_BLOCKS = YES;
				GCC_OPTIMIZATION_LEVEL = 0;
				GCC_PREPROCESSOR_DEFINITIONS = (
					"DEBUG=1",
					"$(inherited)",
				);
				GCC_WARN_64_TO_32_BIT_CONVERSION = YES;
				GCC_WARN_ABOUT_RETURN_TYPE = YES_ERROR;
				GCC_WARN_UNDECLARED_SELECTOR = YES;
				GCC_WARN_UNINITIALIZED_AUTOS = YES_AGGRESSIVE;
				GCC_WARN_UNUSED_FUNCTION = YES;
				GCC_WARN_UNUSED_VARIABLE = YES;
				IPHONEOS_DEPLOYMENT_TARGET = 13.2;
				MTL_ENABLE_DEBUG_INFO = INCLUDE_SOURCE;
				MTL_FAST_MATH = YES;
				ONLY_ACTIVE_ARCH = YES;
				SDKROOT = iphoneos;
				SWIFT_ACTIVE_COMPILATION_CONDITIONS = DEBUG;
				SWIFT_OPTIMIZATION_LEVEL = "-Onone";
			};
			name = Debug;
		};
		72D88F7F23FD09E500726418 /* Release */ = {
			isa = XCBuildConfiguration;
			buildSettings = {
				ALWAYS_SEARCH_USER_PATHS = NO;
				CLANG_ANALYZER_NONNULL = YES;
				CLANG_ANALYZER_NUMBER_OBJECT_CONVERSION = YES_AGGRESSIVE;
				CLANG_CXX_LANGUAGE_STANDARD = "gnu++14";
				CLANG_CXX_LIBRARY = "libc++";
				CLANG_ENABLE_MODULES = YES;
				CLANG_ENABLE_OBJC_ARC = YES;
				CLANG_ENABLE_OBJC_WEAK = YES;
				CLANG_WARN_BLOCK_CAPTURE_AUTORELEASING = YES;
				CLANG_WARN_BOOL_CONVERSION = YES;
				CLANG_WARN_COMMA = YES;
				CLANG_WARN_CONSTANT_CONVERSION = YES;
				CLANG_WARN_DEPRECATED_OBJC_IMPLEMENTATIONS = YES;
				CLANG_WARN_DIRECT_OBJC_ISA_USAGE = YES_ERROR;
				CLANG_WARN_DOCUMENTATION_COMMENTS = YES;
				CLANG_WARN_EMPTY_BODY = YES;
				CLANG_WARN_ENUM_CONVERSION = YES;
				CLANG_WARN_INFINITE_RECURSION = YES;
				CLANG_WARN_INT_CONVERSION = YES;
				CLANG_WARN_NON_LITERAL_NULL_CONVERSION = YES;
				CLANG_WARN_OBJC_IMPLICIT_RETAIN_SELF = YES;
				CLANG_WARN_OBJC_LITERAL_CONVERSION = YES;
				CLANG_WARN_OBJC_ROOT_CLASS = YES_ERROR;
				CLANG_WARN_RANGE_LOOP_ANALYSIS = YES;
				CLANG_WARN_STRICT_PROTOTYPES = YES;
				CLANG_WARN_SUSPICIOUS_MOVE = YES;
				CLANG_WARN_UNGUARDED_AVAILABILITY = YES_AGGRESSIVE;
				CLANG_WARN_UNREACHABLE_CODE = YES;
				CLANG_WARN__DUPLICATE_METHOD_MATCH = YES;
				COPY_PHASE_STRIP = NO;
				DEBUG_INFORMATION_FORMAT = "dwarf-with-dsym";
				ENABLE_NS_ASSERTIONS = NO;
				ENABLE_STRICT_OBJC_MSGSEND = YES;
				GCC_C_LANGUAGE_STANDARD = gnu11;
				GCC_NO_COMMON_BLOCKS = YES;
				GCC_WARN_64_TO_32_BIT_CONVERSION = YES;
				GCC_WARN_ABOUT_RETURN_TYPE = YES_ERROR;
				GCC_WARN_UNDECLARED_SELECTOR = YES;
				GCC_WARN_UNINITIALIZED_AUTOS = YES_AGGRESSIVE;
				GCC_WARN_UNUSED_FUNCTION = YES;
				GCC_WARN_UNUSED_VARIABLE = YES;
				IPHONEOS_DEPLOYMENT_TARGET = 13.2;
				MTL_ENABLE_DEBUG_INFO = NO;
				MTL_FAST_MATH = YES;
				SDKROOT = iphoneos;
				SWIFT_COMPILATION_MODE = wholemodule;
				SWIFT_OPTIMIZATION_LEVEL = "-O";
				VALIDATE_PRODUCT = YES;
			};
			name = Release;
		};
		72D88F8123FD09E500726418 /* Debug */ = {
			isa = XCBuildConfiguration;
			baseConfigurationReference = 6A47012D07F0AFF2E760BE3B /* Pods-VeoRideTest.debug.xcconfig */;
			buildSettings = {
				ASSETCATALOG_COMPILER_APPICON_NAME = AppIcon;
				CODE_SIGN_STYLE = Automatic;
				DEVELOPMENT_TEAM = 6R6K2PR3DQ;
				INFOPLIST_FILE = VeoRideTest/Info.plist;
				IPHONEOS_DEPLOYMENT_TARGET = 13.0;
				LD_RUNPATH_SEARCH_PATHS = (
					"$(inherited)",
					"@executable_path/Frameworks",
				);
				PRODUCT_BUNDLE_IDENTIFIER = cn.kaifa.VeoRideTest;
				PRODUCT_NAME = "$(TARGET_NAME)";
				SWIFT_VERSION = 5.0;
				TARGETED_DEVICE_FAMILY = 1;
			};
			name = Debug;
		};
		72D88F8223FD09E500726418 /* Release */ = {
			isa = XCBuildConfiguration;
			baseConfigurationReference = 642413AE459389DD35F537A5 /* Pods-VeoRideTest.release.xcconfig */;
			buildSettings = {
				ASSETCATALOG_COMPILER_APPICON_NAME = AppIcon;
				CODE_SIGN_STYLE = Automatic;
				DEVELOPMENT_TEAM = 6R6K2PR3DQ;
				INFOPLIST_FILE = VeoRideTest/Info.plist;
				IPHONEOS_DEPLOYMENT_TARGET = 13.0;
				LD_RUNPATH_SEARCH_PATHS = (
					"$(inherited)",
					"@executable_path/Frameworks",
				);
				PRODUCT_BUNDLE_IDENTIFIER = cn.kaifa.VeoRideTest;
				PRODUCT_NAME = "$(TARGET_NAME)";
				SWIFT_VERSION = 5.0;
				TARGETED_DEVICE_FAMILY = 1;
			};
			name = Release;
		};
/* End XCBuildConfiguration section */

/* Begin XCConfigurationList section */
		72D88F6723FD09E400726418 /* Build configuration list for PBXProject "VeoRideTest" */ = {
			isa = XCConfigurationList;
			buildConfigurations = (
				72D88F7E23FD09E500726418 /* Debug */,
				72D88F7F23FD09E500726418 /* Release */,
			);
			defaultConfigurationIsVisible = 0;
			defaultConfigurationName = Release;
		};
		72D88F8023FD09E500726418 /* Build configuration list for PBXNativeTarget "VeoRideTest" */ = {
			isa = XCConfigurationList;
			buildConfigurations = (
				72D88F8123FD09E500726418 /* Debug */,
				72D88F8223FD09E500726418 /* Release */,
			);
			defaultConfigurationIsVisible = 0;
			defaultConfigurationName = Release;
		};
/* End XCConfigurationList section */
	};
	rootObject = 72D88F6423FD09E400726418 /* Project object */;
}
